
Microsoft Visual Studio Solution File, Format Version 12.00
# Visual Studio 15
VisualStudioVersion = 15.0.26430.16
MinimumVisualStudioVersion = 10.0.40219.1
Project("{FAE04EC0-301F-11D3-BF4B-00C04F79EFBC}") = "OA.DAL", "OA.DAL\OA.DAL.csproj", "{CAA8475D-D29E-4E51-A762-EB201853764A}"
EndProject
Project("{FAE04EC0-301F-11D3-BF4B-00C04F79EFBC}") = "OA.IDAL", "OA.IDAL\OA.IDAL.csproj", "{F30EC01B-7E32-493D-BE8A-C4A72E63DB89}"
EndProject
Project("{FAE04EC0-301F-11D3-BF4B-00C04F79EFBC}") = "OA.BLL", "OA.BLL\OA.BLL.csproj", "{32D9EF9B-958D-4A22-98DE-35230A0A010D}"
EndProject
Project("{FAE04EC0-301F-11D3-BF4B-00C04F79EFBC}") = "OA.IBLL", "OA.IBLL\OA.IBLL.csproj", "{20862AFF-018B-4D13-B0FB-833FAB9D47CB}"
EndProject
Project("{FAE04EC0-301F-11D3-BF4B-00C04F79EFBC}") = "OA.Model", "OA.Model\OA.Model.csproj", "{C4550C3E-CCE6-4925-A111-80835198124B}"
EndProject
Project("{FAE04EC0-301F-11D3-BF4B-00C04F79EFBC}") = "OA.Common", "OA.Common\OA.Common.csproj", "{CE5F60F8-21DC-445A-A0EB-842CCEA365A5}"
EndProject
Project("{FAE04EC0-301F-11D3-BF4B-00C04F79EFBC}") = "OA.WebApp", "OA.WebApp\OA.WebApp.csproj", "{EB0D286D-8ED9-41FE-AF8F-C166B446076F}"
EndProject
Project("{FAE04EC0-301F-11D3-BF4B-00C04F79EFBC}") = "OA.DALFactory", "OA.DALFactory\OA.DALFactory.csproj", "{98446699-C486-4737-9585-98AC15AFB771}"
EndProject
Global
	GlobalSection(SolutionConfigurationPlatforms) = preSolution
		Debug|Any CPU = Debug|Any CPU
		Release|Any CPU = Release|Any CPU
	EndGlobalSection
	GlobalSection(ProjectConfigurationPlatforms) = postSolution
		{CAA8475D-D29E-4E51-A762-EB201853764A}.Debug|Any CPU.ActiveCfg = Debug|Any CPU
		{CAA8475D-D29E-4E51-A762-EB201853764A}.Debug|Any CPU.Build.0 = Debug|Any CPU
		{CAA8475D-D29E-4E51-A762-EB201853764A}.Release|Any CPU.ActiveCfg = Release|Any CPU
		{CAA8475D-D29E-4E51-A762-EB201853764A}.Release|Any CPU.Build.0 = Release|Any CPU
		{F30EC01B-7E32-493D-BE8A-C4A72E63DB89}.Debug|Any CPU.ActiveCfg = Debug|Any CPU
		{F30EC01B-7E32-493D-BE8A-C4A72E63DB89}.Debug|Any CPU.Build.0 = Debug|Any CPU
		{F30EC01B-7E32-493D-BE8A-C4A72E63DB89}.Release|Any CPU.ActiveCfg = Release|Any CPU
		{F30EC01B-7E32-493D-BE8A-C4A72E63DB89}.Release|Any CPU.Build.0 = Release|Any CPU
		{32D9EF9B-958D-4A22-98DE-35230A0A010D}.Debug|Any CPU.ActiveCfg = Debug|Any CPU
		{32D9EF9B-958D-4A22-98DE-35230A0A010D}.Debug|Any CPU.Build.0 = Debug|Any CPU
		{32D9EF9B-958D-4A22-98DE-35230A0A010D}.Release|Any CPU.ActiveCfg = Release|Any CPU
		{32D9EF9B-958D-4A22-98DE-35230A0A010D}.Release|Any CPU.Build.0 = Release|Any CPU
		{20862AFF-018B-4D13-B0FB-833FAB9D47CB}.Debug|Any CPU.ActiveCfg = Debug|Any CPU
		{20862AFF-018B-4D13-B0FB-833FAB9D47CB}.Debug|Any CPU.Build.0 = Debug|Any CPU
		{20862AFF-018B-4D13-B0FB-833FAB9D47CB}.Release|Any CPU.ActiveCfg = Release|Any CPU
		{20862AFF-018B-4D13-B0FB-833FAB9D47CB}.Release|Any CPU.Build.0 = Release|Any CPU
		{C4550C3E-CCE6-4925-A111-80835198124B}.Debug|Any CPU.ActiveCfg = Debug|Any CPU
		{C4550C3E-CCE6-4925-A111-80835198124B}.Debug|Any CPU.Build.0 = Debug|Any CPU
		{C4550C3E-CCE6-4925-A111-80835198124B}.Release|Any CPU.ActiveCfg = Release|Any CPU
		{C4550C3E-CCE6-4925-A111-80835198124B}.Release|Any CPU.Build.0 = Release|Any CPU
		{CE5F60F8-21DC-445A-A0EB-842CCEA365A5}.Debug|Any CPU.ActiveCfg = Debug|Any CPU
		{CE5F60F8-21DC-445A-A0EB-842CCEA365A5}.Debug|Any CPU.Build.0 = Debug|Any CPU
		{CE5F60F8-21DC-445A-A0EB-842CCEA365A5}.Release|Any CPU.ActiveCfg = Release|Any CPU
		{CE5F60F8-21DC-445A-A0EB-842CCEA365A5}.Release|Any CPU.Build.0 = Release|Any CPU
		{EB0D286D-8ED9-41FE-AF8F-C166B446076F}.Debug|Any CPU.ActiveCfg = Debug|Any CPU
		{EB0D286D-8ED9-41FE-AF8F-C166B446076F}.Debug|Any CPU.Build.0 = Debug|Any CPU
		{EB0D286D-8ED9-41FE-AF8F-C166B446076F}.Release|Any CPU.ActiveCfg = Release|Any CPU
		{EB0D286D-8ED9-41FE-AF8F-C166B446076F}.Release|Any CPU.Build.0 = Release|Any CPU
		{98446699-C486-4737-9585-98AC15AFB771}.Debug|Any CPU.ActiveCfg = Debug|Any CPU
		{98446699-C486-4737-9585-98AC15AFB771}.Debug|Any CPU.Build.0 = Debug|Any CPU
		{98446699-C486-4737-9585-98AC15AFB771}.Release|Any CPU.ActiveCfg = Release|Any CPU
		{98446699-C486-4737-9585-98AC15AFB771}.Release|Any CPU.Build.0 = Release|Any CPU
	EndGlobalSection
	GlobalSection(SolutionProperties) = preSolution
		HideSolutionNode = FALSE
	EndGlobalSection
EndGlobal
